
Microsoft Visual Studio Solution File, Format Version 12.00
# Visual Studio Version 17
VisualStudioVersion = 17.6.33829.357
MinimumVisualStudioVersion = 10.0.40219.1
Project("{FAE04EC0-301F-11D3-BF4B-00C04F79EFBC}") = "WebApplicationDemo", "WebApplicationDemo\WebApplicationDemo.csproj", "{02E27FCB-8984-444D-B7BD-B166E844A045}"
EndProject
Project("{2150E333-8FDC-42A3-9474-1A3956D46DE8}") = "Data", "Data", "{1091B9E4-F356-4022-AC28-3C1181499278}"
EndProject
Project("{2150E333-8FDC-42A3-9474-1A3956D46DE8}") = "NewFolder1", "NewFolder1", "{B979F6E2-09E6-494A-8BD2-6184841632F9}"
EndProject
Global
	GlobalSection(SolutionConfigurationPlatforms) = preSolution
		Debug|Any CPU = Debug|Any CPU
		Release|Any CPU = Release|Any CPU
	EndGlobalSection
	GlobalSection(ProjectConfigurationPlatforms) = postSolution
		{02E27FCB-8984-444D-B7BD-B166E844A045}.Debug|Any CPU.ActiveCfg = Debug|Any CPU
		{02E27FCB-8984-444D-B7BD-B166E844A045}.Debug|Any CPU.Build.0 = Debug|Any CPU
		{02E27FCB-8984-444D-B7BD-B166E844A045}.Release|Any CPU.ActiveCfg = Release|Any CPU
		{02E27FCB-8984-444D-B7BD-B166E844A045}.Release|Any CPU.Build.0 = Release|Any CPU
	EndGlobalSection
	GlobalSection(SolutionProperties) = preSolution
		HideSolutionNode = FALSE
	EndGlobalSection
	GlobalSection(ExtensibilityGlobals) = postSolution
		SolutionGuid = {4C524B01-034B-484C-8D76-32ABC5068E36}
	EndGlobalSection
EndGlobal
